
Microsoft Visual Studio Solution File, Format Version 12.00
# Visual Studio Version 17
VisualStudioVersion = 17.2.32526.322
MinimumVisualStudioVersion = 10.0.40219.1
Project("{FAE04EC0-301F-11D3-BF4B-00C04F79EFBC}") = "programa4", "programa4\programa4.csproj", "{ECD45EF1-8500-4956-B721-FCB6B72B7B86}"
EndProject
Global
	GlobalSection(SolutionConfigurationPlatforms) = preSolution
		Debug|Any CPU = Debug|Any CPU
		Release|Any CPU = Release|Any CPU
	EndGlobalSection
	GlobalSection(ProjectConfigurationPlatforms) = postSolution
		{ECD45EF1-8500-4956-B721-FCB6B72B7B86}.Debug|Any CPU.ActiveCfg = Debug|Any CPU
		{ECD45EF1-8500-4956-B721-FCB6B72B7B86}.Debug|Any CPU.Build.0 = Debug|Any CPU
		{ECD45EF1-8500-4956-B721-FCB6B72B7B86}.Release|Any CPU.ActiveCfg = Release|Any CPU
		{ECD45EF1-8500-4956-B721-FCB6B72B7B86}.Release|Any CPU.Build.0 = Release|Any CPU
	EndGlobalSection
	GlobalSection(SolutionProperties) = preSolution
		HideSolutionNode = FALSE
	EndGlobalSection
	GlobalSection(ExtensibilityGlobals) = postSolution
		SolutionGuid = {413D2494-752A-4DAB-B0F7-E8A4E4AA3768}
	EndGlobalSection
EndGlobal
